// !$*UTF8*$!
{
	archiveVersion = 1;
	classes = {
	};
	objectVersion = 56;
	objects = {

/* Begin PBXBuildFile section */
 B10000000000000000000001 = {isa = PBXBuildFile; fileRef = B10000000000000000000002; };
 B10000000000000000000003 = {isa = PBXBuildFile; fileRef = B10000000000000000000004; };
		A10000010000000000000001 /* Sources/KeepsIOS/KeepsIOSApp.swift in Sources */ = {isa = PBXBuildFile; fileRef = A10001010000000000000001 /* Sources/KeepsIOS/KeepsIOSApp.swift */; };
		A10000020000000000000001 /* Sources/KeepsIOS/IOSLibraryStore.swift in Sources */ = {isa = PBXBuildFile; fileRef = A10001020000000000000001 /* Sources/KeepsIOS/IOSLibraryStore.swift */; };
		A10000030000000000000001 /* Sources/KeepsIOS/WaterfallGalleryView.swift in Sources */ = {isa = PBXBuildFile; fileRef = A10001030000000000000001 /* Sources/KeepsIOS/WaterfallGalleryView.swift */; };
		A100000B0000000000000001 /* Assets.xcassets in Resources */ = {isa = PBXBuildFile; fileRef = A100010C0000000000000001 /* Assets.xcassets */; };
		A100000C0000000000000001 /* PrivacyInfo.xcprivacy in Resources */ = {isa = PBXBuildFile; fileRef = A100010D0000000000000001 /* PrivacyInfo.xcprivacy */; };
		A20000000000000000000001 /* KeepsAPI in Frameworks */ = {isa = PBXBuildFile; productRef = A20000000000000000000002 /* KeepsAPI */; };
/* End PBXBuildFile section */

/* Begin PBXFileReference section */
 B10000000000000000000002 = {isa = PBXFileReference; lastKnownFileType = sourcecode.swift; path = "../macos/Sources/PhotoAssetManager/JustifiedAssetGridLayout.swift"; sourceTree = SOURCE_ROOT; };
 B10000000000000000000004 = {isa = PBXFileReference; lastKnownFileType = sourcecode.swift; path = "Sources/KeepsIOS/IOSZoomablePhoto.swift"; sourceTree = SOURCE_ROOT; };
		A10001010000000000000001 /* Sources/KeepsIOS/KeepsIOSApp.swift */ = {isa = PBXFileReference; lastKnownFileType = sourcecode.swift; path = Sources/KeepsIOS/KeepsIOSApp.swift; sourceTree = SOURCE_ROOT; };
		A10001020000000000000001 /* Sources/KeepsIOS/IOSLibraryStore.swift */ = {isa = PBXFileReference; lastKnownFileType = sourcecode.swift; path = Sources/KeepsIOS/IOSLibraryStore.swift; sourceTree = SOURCE_ROOT; };
		A10001030000000000000001 /* Sources/KeepsIOS/WaterfallGalleryView.swift */ = {isa = PBXFileReference; lastKnownFileType = sourcecode.swift; path = Sources/KeepsIOS/WaterfallGalleryView.swift; sourceTree = SOURCE_ROOT; };
		A100010B0000000000000001 /* Keeps.app */ = {isa = PBXFileReference; explicitFileType = wrapper.application; includeInIndex = 0; path = Keeps.app; sourceTree = BUILT_PRODUCTS_DIR; };
		A100010C0000000000000001 /* Assets.xcassets */ = {isa = PBXFileReference; lastKnownFileType = folder.assetcatalog; path = Assets.xcassets; sourceTree = SOURCE_ROOT; };
		A100010D0000000000000001 /* PrivacyInfo.xcprivacy */ = {isa = PBXFileReference; lastKnownFileType = text.plist.xml; path = PrivacyInfo.xcprivacy; sourceTree = SOURCE_ROOT; };
/* End PBXFileReference section */

/* Begin PBXFrameworksBuildPhase section */
		A10000110000000000000001 /* Frameworks */ = {
			isa = PBXFrameworksBuildPhase;
			buildActionMask = 2147483647;
			files = (
				A20000000000000000000001 /* KeepsAPI in Frameworks */,
			);
			runOnlyForDeploymentPostprocessing = 0;
		};
/* End PBXFrameworksBuildPhase section */

/* Begin PBXGroup section */
		A100001B0000000000000001 = {
			isa = PBXGroup;
			children = (
				A100001C0000000000000001 /* App */,
				A100001E0000000000000001 /* Frameworks */,
				A100001F0000000000000001 /* Products */,
				A100010C0000000000000001 /* Assets.xcassets */,
				A100010D0000000000000001 /* PrivacyInfo.xcprivacy */,
			);
			sourceTree = "<group>";
		};
		A100001C0000000000000001 /* App */ = {
			isa = PBXGroup;
			children = (
				A10001010000000000000001 /* Sources/KeepsIOS/KeepsIOSApp.swift */,
				A10001020000000000000001 /* Sources/KeepsIOS/IOSLibraryStore.swift */,
				A10001030000000000000001 /* Sources/KeepsIOS/WaterfallGalleryView.swift */,
			);
			path = App;
			sourceTree = "<group>";
		};

		A100001E0000000000000001 /* Frameworks */ = {
			isa = PBXGroup;
			children = (
			);
			name = Frameworks;
			sourceTree = "<group>";
		};
		A100001F0000000000000001 /* Products */ = {
			isa = PBXGroup;
			children = (
				A100010B0000000000000001 /* Keeps.app */,
			);
			name = Products;
			sourceTree = "<group>";
		};
/* End PBXGroup section */

/* Begin PBXNativeTarget section */
		A10000200000000000000001 /* KeepsIOS */ = {
			isa = PBXNativeTarget;
			buildConfigurationList = A10000230000000000000001 /* Build configuration list for PBXNativeTarget "KeepsIOS" */;
			buildPhases = (
				A10000210000000000000001 /* Sources */,
				A10000110000000000000001 /* Frameworks */,
				A10000220000000000000001 /* Resources */,
			);
			buildRules = (
			);
			dependencies = (
			);
			name = KeepsIOS;
			packageProductDependencies = (A20000000000000000000002 /* KeepsAPI */,);
			productName = KeepsIOS;
			productReference = A100010B0000000000000001 /* Keeps.app */;
			productType = "com.apple.product-type.application";
		};
/* End PBXNativeTarget section */

/* Begin PBXProject section */
		A10000300000000000000001 /* Project object */ = {
			isa = PBXProject;
			attributes = {
				BuildIndependentTargetsInParallel = 1;
				LastSwiftUpdateCheck = 2604;
				LastUpgradeCheck = 2604;
				TargetAttributes = {
					A10000200000000000000001 = {
						CreatedOnToolsVersion = 26.4.1;
					};
				};
			};
			buildConfigurationList = A10000330000000000000001 /* Build configuration list for PBXProject "KeepsIOS" */;
			compatibilityVersion = "Xcode 14.0";
			developmentRegion = en;
			hasScannedForEncodings = 0;
			knownRegions = (
				en,
				Base,
			);
			mainGroup = A100001B0000000000000001;
			productRefGroup = A100001F0000000000000001 /* Products */;
			projectDirPath = "";
			projectRoot = "";
			packageReferences = (A20000000000000000000003 /* shared */,);
			targets = (
				A10000200000000000000001 /* KeepsIOS */,
			);
		};
/* End PBXProject section */

/* Begin PBXResourcesBuildPhase section */
		A10000220000000000000001 /* Resources */ = {
			isa = PBXResourcesBuildPhase;
			buildActionMask = 2147483647;
			files = (
				A100000B0000000000000001 /* Assets.xcassets in Resources */,
				A100000C0000000000000001 /* PrivacyInfo.xcprivacy in Resources */,
			);
			runOnlyForDeploymentPostprocessing = 0;
		};
/* End PBXResourcesBuildPhase section */

/* Begin PBXSourcesBuildPhase section */
		A10000210000000000000001 /* Sources */ = {
			isa = PBXSourcesBuildPhase;
			buildActionMask = 2147483647;
			files = (
				A10000010000000000000001 /* Sources/KeepsIOS/KeepsIOSApp.swift in Sources */,
				A10000020000000000000001 /* Sources/KeepsIOS/IOSLibraryStore.swift in Sources */,
				A10000030000000000000001 /* Sources/KeepsIOS/WaterfallGalleryView.swift in Sources */,
 B10000000000000000000001,
 B10000000000000000000003,
			);
			runOnlyForDeploymentPostprocessing = 0;
		};
/* End PBXSourcesBuildPhase section */

/* Begin XCLocalSwiftPackageReference section */
        A20000000000000000000003 /* shared */ = {isa = XCLocalSwiftPackageReference; relativePath = ../shared; };
/* End XCLocalSwiftPackageReference section */
/* Begin XCSwiftPackageProductDependency section */
        A20000000000000000000002 /* KeepsAPI */ = {isa = XCSwiftPackageProductDependency; productName = KeepsAPI; };
/* End XCSwiftPackageProductDependency section */
/* Begin XCBuildConfiguration section */
		A10000400000000000000001 /* Debug */ = {
			isa = XCBuildConfiguration;
			buildSettings = {
				ALWAYS_SEARCH_USER_PATHS = NO;
				CLANG_ENABLE_MODULES = YES;
				COPY_PHASE_STRIP = NO;
				DEBUG_INFORMATION_FORMAT = dwarf;
				DEVELOPMENT_TEAM = "";
				ENABLE_STRICT_OBJC_MSGSEND = YES;
				GCC_C_LANGUAGE_STANDARD = gnu17;
				GCC_DYNAMIC_NO_PIC = NO;
				GCC_OPTIMIZATION_LEVEL = 0;
				GCC_PREPROCESSOR_DEFINITIONS = (
					"DEBUG=1",
					"$(inherited)",
				);
				IPHONEOS_DEPLOYMENT_TARGET = 26.0;
				SWIFT_ACTIVE_COMPILATION_CONDITIONS = DEBUG;
			};
			name = Debug;
		};
		A10000410000000000000001 /* Release */ = {
			isa = XCBuildConfiguration;
			buildSettings = {
				ALWAYS_SEARCH_USER_PATHS = NO;
				CLANG_ENABLE_MODULES = YES;
				COPY_PHASE_STRIP = NO;
				DEBUG_INFORMATION_FORMAT = "dwarf-with-dsym";
				DEVELOPMENT_TEAM = "";
				ENABLE_NS_ASSERTIONS = NO;
				ENABLE_STRICT_OBJC_MSGSEND = YES;
				GCC_C_LANGUAGE_STANDARD = gnu17;
				IPHONEOS_DEPLOYMENT_TARGET = 26.0;
				SWIFT_COMPILATION_MODE = wholemodule;
			};
			name = Release;
		};
		A10000420000000000000001 /* Debug */ = {
			isa = XCBuildConfiguration;
			buildSettings = {
				ASSETCATALOG_COMPILER_GENERATE_SWIFT_ASSET_SYMBOL_EXTENSIONS = YES;
                ASSETCATALOG_COMPILER_APPICON_NAME = AppIcon;
				CODE_SIGN_STYLE = Automatic;
				CURRENT_PROJECT_VERSION = 7;
				DEVELOPMENT_TEAM = 3TZ6RCL8NE;
				GENERATE_INFOPLIST_FILE = YES;
				INFOPLIST_KEY_UIApplicationSceneManifest_Generation = YES;
				INFOPLIST_KEY_UILaunchScreen_Generation = YES;
				INFOPLIST_KEY_CFBundleDisplayName = Keeps;
                INFOPLIST_KEY_NSLocalNetworkUsageDescription = "连接 NAS 照片图库";
                INFOPLIST_FILE = Info.plist;
				INFOPLIST_KEY_UISupportedInterfaceOrientations_iPad = "UIInterfaceOrientationPortrait UIInterfaceOrientationPortraitUpsideDown UIInterfaceOrientationLandscapeLeft UIInterfaceOrientationLandscapeRight";
				INFOPLIST_KEY_UISupportedInterfaceOrientations_iPhone = "UIInterfaceOrientationPortrait UIInterfaceOrientationLandscapeLeft UIInterfaceOrientationLandscapeRight";
				LD_RUNPATH_SEARCH_PATHS = (
					"$(inherited)",
					"@executable_path/Frameworks",
				);
				MARKETING_VERSION = 0.3.0;
				PRODUCT_BUNDLE_IDENTIFIER = com.hechuan.Keeps;
				PRODUCT_NAME = Keeps;
				SUPPORTED_PLATFORMS = "iphoneos iphonesimulator";
				SWIFT_EMIT_LOC_STRINGS = YES;
				SWIFT_VERSION = 6.0;
				TARGETED_DEVICE_FAMILY = "1,2";
			};
			name = Debug;
		};
		A10000430000000000000001 /* Release */ = {
			isa = XCBuildConfiguration;
			buildSettings = {
				ASSETCATALOG_COMPILER_GENERATE_SWIFT_ASSET_SYMBOL_EXTENSIONS = YES;
                ASSETCATALOG_COMPILER_APPICON_NAME = AppIcon;
				CODE_SIGN_STYLE = Automatic;
				CURRENT_PROJECT_VERSION = 7;
				DEVELOPMENT_TEAM = 3TZ6RCL8NE;
				GENERATE_INFOPLIST_FILE = YES;
				INFOPLIST_KEY_UIApplicationSceneManifest_Generation = YES;
				INFOPLIST_KEY_UILaunchScreen_Generation = YES;
				INFOPLIST_KEY_CFBundleDisplayName = Keeps;
                INFOPLIST_KEY_NSLocalNetworkUsageDescription = "连接 NAS 照片图库";
                INFOPLIST_FILE = Info.plist;
				INFOPLIST_KEY_UISupportedInterfaceOrientations_iPad = "UIInterfaceOrientationPortrait UIInterfaceOrientationPortraitUpsideDown UIInterfaceOrientationLandscapeLeft UIInterfaceOrientationLandscapeRight";
				INFOPLIST_KEY_UISupportedInterfaceOrientations_iPhone = "UIInterfaceOrientationPortrait UIInterfaceOrientationLandscapeLeft UIInterfaceOrientationLandscapeRight";
				LD_RUNPATH_SEARCH_PATHS = (
					"$(inherited)",
					"@executable_path/Frameworks",
				);
				MARKETING_VERSION = 0.3.0;
				PRODUCT_BUNDLE_IDENTIFIER = com.hechuan.Keeps;
				PRODUCT_NAME = Keeps;
				SUPPORTED_PLATFORMS = "iphoneos iphonesimulator";
				SWIFT_EMIT_LOC_STRINGS = YES;
				SWIFT_VERSION = 6.0;
				TARGETED_DEVICE_FAMILY = "1,2";
			};
			name = Release;
		};
/* End XCBuildConfiguration section */

/* Begin XCConfigurationList section */
		A10000230000000000000001 /* Build configuration list for PBXNativeTarget "KeepsIOS" */ = {
			isa = XCConfigurationList;
			buildConfigurations = (
				A10000420000000000000001 /* Debug */,
				A10000430000000000000001 /* Release */,
			);
			defaultConfigurationIsVisible = 0;
			defaultConfigurationName = Release;
		};
		A10000330000000000000001 /* Build configuration list for PBXProject "KeepsIOS" */ = {
			isa = XCConfigurationList;
			buildConfigurations = (
				A10000400000000000000001 /* Debug */,
				A10000410000000000000001 /* Release */,
			);
			defaultConfigurationIsVisible = 0;
			defaultConfigurationName = Release;
		};
/* End XCConfigurationList section */
	};
	rootObject = A10000300000000000000001 /* Project object */;
}
