// !$*UTF8*$!
{
	archiveVersion = 1;
	classes = {};
	objectVersion = 56;
	objects = {
		A1E000000000000000000003 = { isa = PBXFileReference; lastKnownFileType = sourcecode.swift; path = "Sources/PhotoAssetManager/AIEditingBatchStore.swift"; sourceTree = SOURCE_ROOT; };
		A1E100000000000000000003 = { isa = PBXBuildFile; fileRef = A1E000000000000000000003; };
		A1E000000000000000000004 = { isa = PBXFileReference; lastKnownFileType = sourcecode.swift; path = "Sources/PhotoAssetManager/AIEditingImages.swift"; sourceTree = SOURCE_ROOT; };
		A1E100000000000000000004 = { isa = PBXBuildFile; fileRef = A1E000000000000000000004; };

        A1E200000000000000000001 = { isa = PBXShellScriptBuildPhase; buildActionMask = 2147483647; files = (); inputPaths = (); outputPaths = (); name = "Embed AI runtime"; shellPath = /bin/bash; shellScript = "bash \"$SRCROOT/scripts/bundle_ai_runtime.sh\" \"$TARGET_BUILD_DIR/$UNLOCALIZED_RESOURCES_FOLDER_PATH\""; runOnlyForDeploymentPostprocessing = 0; alwaysOutOfDate = 1; };

        A1E000000000000000000002 = { isa = PBXFileReference; lastKnownFileType = sourcecode.swift; path = "Sources/PhotoAssetManager/AIEditingProcess.swift"; sourceTree = SOURCE_ROOT; };
        A1E100000000000000000002 = { isa = PBXBuildFile; fileRef = A1E000000000000000000002; };
        A1E000000000000000000001 = { isa = PBXFileReference; lastKnownFileType = sourcecode.swift; path = "Sources/PhotoAssetManager/AIEditingSettingsStore.swift"; sourceTree = SOURCE_ROOT; };
        A1E100000000000000000001 = { isa = PBXBuildFile; fileRef = A1E000000000000000000001; };
        A1E000000000000000000000 = { isa = PBXFileReference; lastKnownFileType = sourcecode.swift; path = "Sources/PhotoAssetManager/AIEditingSettingsView.swift"; sourceTree = SOURCE_ROOT; };
        A1E100000000000000000000 = { isa = PBXBuildFile; fileRef = A1E000000000000000000000; };
        000000000000000000000072 = { isa = PBXFileReference; lastKnownFileType = sourcecode.swift; path = "Sources/PhotoAssetManager/PhotoMoveTracking.swift"; sourceTree = SOURCE_ROOT; };
        0000000000000000000000D6 = { isa = PBXBuildFile; fileRef = 000000000000000000000072; };
        000000000000000000000073 = { isa = PBXFileReference; lastKnownFileType = sourcecode.swift; path = "Sources/PhotoAssetManager/PhotoMoveProgressView.swift"; sourceTree = SOURCE_ROOT; };
        0000000000000000000000D7 = { isa = PBXBuildFile; fileRef = 000000000000000000000073; };
		000000000000000000000070 = { isa = PBXFileReference; lastKnownFileType = sourcecode.swift; path = "Sources/PhotoAssetManager/DirectoryMoveTracking.swift"; sourceTree = SOURCE_ROOT; };
		0000000000000000000000D4 = { isa = PBXBuildFile; fileRef = 000000000000000000000070; };
		000000000000000000000071 = { isa = PBXFileReference; lastKnownFileType = sourcecode.swift; path = "Sources/PhotoAssetManager/DirectoryMoveProgressView.swift"; sourceTree = SOURCE_ROOT; };
		0000000000000000000000D5 = { isa = PBXBuildFile; fileRef = 000000000000000000000071; };
		00000000000000000000006F = { isa = PBXFileReference; lastKnownFileType = sourcecode.swift; path = "Sources/PhotoAssetManager/DirectoryTrashTracking.swift"; sourceTree = SOURCE_ROOT; };
		0000000000000000000000D3 = { isa = PBXBuildFile; fileRef = 00000000000000000000006F; };
		00000000000000000000006E = { isa = PBXFileReference; lastKnownFileType = sourcecode.swift; path = "Sources/PhotoAssetManager/DirectoryTrashSheet.swift"; sourceTree = SOURCE_ROOT; };
		0000000000000000000000D2 = { isa = PBXBuildFile; fileRef = 00000000000000000000006E; };
		00000000000000000000006D = { isa = PBXFileReference; lastKnownFileType = sourcecode.swift; path = "Sources/PhotoAssetManager/ImportView.swift"; sourceTree = SOURCE_ROOT; };
		0000000000000000000000D1 = { isa = PBXBuildFile; fileRef = 00000000000000000000006D; };
		00000000000000000000006C = { isa = PBXFileReference; lastKnownFileType = sourcecode.swift; path = "Sources/PhotoAssetManager/ImportStore.swift"; sourceTree = SOURCE_ROOT; };
		0000000000000000000000D0 = { isa = PBXBuildFile; fileRef = 00000000000000000000006C; };
		00000000000000000000006B = { isa = PBXFileReference; lastKnownFileType = sourcecode.swift; path = "Sources/PhotoAssetManager/ImportSource.swift"; sourceTree = SOURCE_ROOT; };
		0000000000000000000000CF = { isa = PBXBuildFile; fileRef = 00000000000000000000006B; };
		000000000000000000000098 = { isa = PBXFileReference; lastKnownFileType = text.xcconfig; path = Version.xcconfig; sourceTree = SOURCE_ROOT; };
		000000000000000000000064 = { isa = PBXFileReference; lastKnownFileType = sourcecode.swift; path = "Sources/PhotoAssetManager/ContentView.swift"; sourceTree = SOURCE_ROOT; };
		0000000000000000000000C8 = { isa = PBXBuildFile; fileRef = 000000000000000000000064; };
		000000000000000000000065 = { isa = PBXFileReference; lastKnownFileType = sourcecode.swift; path = "Sources/PhotoAssetManager/DirectoryOutlineView.swift"; sourceTree = SOURCE_ROOT; };
		0000000000000000000000C9 = { isa = PBXBuildFile; fileRef = 000000000000000000000065; };
		000000000000000000000066 = { isa = PBXFileReference; lastKnownFileType = sourcecode.swift; path = "Sources/PhotoAssetManager/JustifiedAssetGridLayout.swift"; sourceTree = SOURCE_ROOT; };
		0000000000000000000000CA = { isa = PBXBuildFile; fileRef = 000000000000000000000066; };
		000000000000000000000067 = { isa = PBXFileReference; lastKnownFileType = sourcecode.swift; path = "Sources/PhotoAssetManager/LibraryStore.swift"; sourceTree = SOURCE_ROOT; };
		0000000000000000000000CB = { isa = PBXBuildFile; fileRef = 000000000000000000000067; };
		000000000000000000000068 = { isa = PBXFileReference; lastKnownFileType = sourcecode.swift; path = "Sources/PhotoAssetManager/NASTasksView.swift"; sourceTree = SOURCE_ROOT; };
		0000000000000000000000CC = { isa = PBXBuildFile; fileRef = 000000000000000000000068; };
		000000000000000000000069 = { isa = PBXFileReference; lastKnownFileType = sourcecode.swift; path = "Sources/PhotoAssetManager/PhotoAssetManagerApp.swift"; sourceTree = SOURCE_ROOT; };
		0000000000000000000000CD = { isa = PBXBuildFile; fileRef = 000000000000000000000069; };
		00000000000000000000006A = { isa = PBXFileReference; lastKnownFileType = sourcecode.swift; path = "Sources/PhotoAssetManager/WorkspaceStyle.swift"; sourceTree = SOURCE_ROOT; };
		0000000000000000000000CE = { isa = PBXBuildFile; fileRef = 00000000000000000000006A; };
		000000000000000000000096 = { isa = PBXFileReference; lastKnownFileType = image.icns; path = "Sources/PhotoAssetManager/Resources/AppIcon.icns"; sourceTree = SOURCE_ROOT; };
		0000000000000000000000FA = { isa = PBXBuildFile; fileRef = 000000000000000000000096; };
		000000000000000000000097 = { isa = PBXFileReference; lastKnownFileType = text.plist.xml; path = "PrivacyInfo.xcprivacy"; sourceTree = SOURCE_ROOT; };
		0000000000000000000000FB = { isa = PBXBuildFile; fileRef = 000000000000000000000097; };
		000000000000000000000014 = { isa = PBXFileReference; explicitFileType = wrapper.application; path = Keeps.app; sourceTree = BUILT_PRODUCTS_DIR; };
		000000000000000000000015 = { isa = PBXGroup; children = (A1E000000000000000000004,A1E000000000000000000003,A1E000000000000000000000,A1E000000000000000000001,A1E000000000000000000002,000000000000000000000072,000000000000000000000073,000000000000000000000070,000000000000000000000071,00000000000000000000006F,00000000000000000000006E,00000000000000000000006D,00000000000000000000006C,00000000000000000000006B,000000000000000000000064,000000000000000000000065,000000000000000000000066,000000000000000000000067,000000000000000000000068,000000000000000000000069,00000000000000000000006A,000000000000000000000096,000000000000000000000097,000000000000000000000098,000000000000000000000016,); sourceTree = "<group>"; };
		000000000000000000000016 = { isa = PBXGroup; children = (000000000000000000000014,); name = Products; sourceTree = "<group>"; };
		00000000000000000000001E = { isa = PBXSourcesBuildPhase; buildActionMask = 2147483647; files = (A1E100000000000000000004,A1E100000000000000000003,A1E100000000000000000000,A1E100000000000000000001,A1E100000000000000000002,0000000000000000000000D6,0000000000000000000000D7,0000000000000000000000D4,0000000000000000000000D5,0000000000000000000000D3,0000000000000000000000D2,0000000000000000000000D1,0000000000000000000000D0,0000000000000000000000CF,0000000000000000000000C8,0000000000000000000000C9,0000000000000000000000CA,0000000000000000000000CB,0000000000000000000000CC,0000000000000000000000CD,0000000000000000000000CE,); runOnlyForDeploymentPostprocessing = 0; };
		00000000000000000000001F = { isa = PBXResourcesBuildPhase; buildActionMask = 2147483647; files = (0000000000000000000000FA,0000000000000000000000FB,); runOnlyForDeploymentPostprocessing = 0; };
		000000000000000000000020 = { isa = PBXFrameworksBuildPhase; buildActionMask = 2147483647; files = (00000000000000000000002A,); runOnlyForDeploymentPostprocessing = 0; };
		000000000000000000000028 = { isa = XCLocalSwiftPackageReference; relativePath = ../shared; };
		000000000000000000000029 = { isa = XCSwiftPackageProductDependency; package = 000000000000000000000028; productName = KeepsAPI; };
		00000000000000000000002A = { isa = PBXBuildFile; productRef = 000000000000000000000029; };
		000000000000000000000002 = { isa = PBXNativeTarget; buildConfigurationList = 000000000000000000000033; buildPhases = (00000000000000000000001E,000000000000000000000020,00000000000000000000001F,A1E200000000000000000001,); buildRules = (); dependencies = (); name = Keeps; packageProductDependencies = (000000000000000000000029,); productName = Keeps; productReference = 000000000000000000000014; productType = "com.apple.product-type.application"; };
		000000000000000000000001 = { isa = PBXProject; attributes = { LastUpgradeCheck = 2700; TargetAttributes = { 000000000000000000000002 = { CreatedOnToolsVersion = 27.0; ProvisioningStyle = Automatic; }; }; }; buildConfigurationList = 000000000000000000000032; compatibilityVersion = "Xcode 14.0"; developmentRegion = zh_CN; knownRegions = (en,zh_CN,Base,); mainGroup = 000000000000000000000015; productRefGroup = 000000000000000000000016; projectDirPath = ""; projectRoot = ""; packageReferences = (000000000000000000000028,); targets = (000000000000000000000002,); };
		000000000000000000000032 = { isa = XCConfigurationList; buildConfigurations = (00000000000000000000003C,00000000000000000000003D,); defaultConfigurationIsVisible = 0; defaultConfigurationName = Release; };
		000000000000000000000033 = { isa = XCConfigurationList; buildConfigurations = (00000000000000000000003E,00000000000000000000003F,); defaultConfigurationIsVisible = 0; defaultConfigurationName = Release; };
		00000000000000000000003C = { isa = XCBuildConfiguration; name = Debug; buildSettings = { CLANG_ENABLE_MODULES = YES; MACOSX_DEPLOYMENT_TARGET = 14.0; SDKROOT = macosx; SWIFT_VERSION = 6.0; SWIFT_OPTIMIZATION_LEVEL = "-Onone"; DEBUG_INFORMATION_FORMAT = "dwarf"; }; };
		00000000000000000000003D = { isa = XCBuildConfiguration; name = Release; buildSettings = { ARCHS = arm64; ONLY_ACTIVE_ARCH = NO; ENABLE_USER_SCRIPT_SANDBOXING = NO; CLANG_ENABLE_MODULES = YES; MACOSX_DEPLOYMENT_TARGET = 14.0; SDKROOT = macosx; SWIFT_VERSION = 6.0; SWIFT_OPTIMIZATION_LEVEL = "-O"; DEBUG_INFORMATION_FORMAT = "dwarf-with-dsym"; }; };
		00000000000000000000003E = { isa = XCBuildConfiguration; name = Debug; baseConfigurationReference = 000000000000000000000098; buildSettings = { CODE_SIGN_ENTITLEMENTS = Keeps.entitlements; CODE_SIGN_STYLE = Automatic; DEVELOPMENT_TEAM = 3TZ6RCL8NE; ENABLE_HARDENED_RUNTIME = YES; GENERATE_INFOPLIST_FILE = NO; INFOPLIST_FILE = Sources/PhotoAssetManager/Resources/Info.plist; INFOPLIST_KEY_LSApplicationCategoryType = "public.app-category.photography"; PRODUCT_BUNDLE_IDENTIFIER = local.keeps.debug; PRODUCT_NAME = "Keeps Debug"; PRODUCT_MODULE_NAME = PhotoAssetManager; COMBINE_HIDPI_IMAGES = YES; LD_RUNPATH_SEARCH_PATHS = "$(inherited) @executable_path/../Frameworks"; }; };
		00000000000000000000003F = { isa = XCBuildConfiguration; name = Release; baseConfigurationReference = 000000000000000000000098; buildSettings = { CODE_SIGN_ENTITLEMENTS = Keeps.entitlements; CODE_SIGN_STYLE = Automatic; DEVELOPMENT_TEAM = 3TZ6RCL8NE; ENABLE_HARDENED_RUNTIME = YES; GENERATE_INFOPLIST_FILE = NO; INFOPLIST_FILE = Sources/PhotoAssetManager/Resources/Info.plist; INFOPLIST_KEY_LSApplicationCategoryType = "public.app-category.photography"; PRODUCT_BUNDLE_IDENTIFIER = local.keeps; PRODUCT_NAME = Keeps; PRODUCT_MODULE_NAME = PhotoAssetManager; COMBINE_HIDPI_IMAGES = YES; LD_RUNPATH_SEARCH_PATHS = "$(inherited) @executable_path/../Frameworks"; }; };
	};
	rootObject = 000000000000000000000001;
}
